{
  "requires": true,
  "lockfileVersion": 1,
  "dependencies": {
    "badgen": {
      "version": "3.2.3",
      "resolved": "https://registry.npmjs.org/badgen/-/badgen-3.2.3.tgz",
      "integrity": "sha512-svDuwkc63E/z0ky3drpUppB83s/nlgDciH9m+STwwQoWyq7yCgew1qEfJ+9axkKdNq7MskByptWUN9j1PGMwFA=="
    }
  }
}
